
Microsoft Visual Studio Solution File, Format Version 12.00
# Visual Studio Version 16
VisualStudioVersion = 16.0.29709.97
MinimumVisualStudioVersion = 10.0.40219.1
Project("{FAE04EC0-301F-11D3-BF4B-00C04F79EFBC}") = "PR_IT-11", "PR_IT-11\PR_IT-11.csproj", "{9345DAAB-3D6F-4B24-B124-FE3C52582380}"
EndProject
Global
	GlobalSection(SolutionConfigurationPlatforms) = preSolution
		Debug|Any CPU = Debug|Any CPU
		Release|Any CPU = Release|Any CPU
	EndGlobalSection
	GlobalSection(ProjectConfigurationPlatforms) = postSolution
		{9345DAAB-3D6F-4B24-B124-FE3C52582380}.Debug|Any CPU.ActiveCfg = Debug|Any CPU
		{9345DAAB-3D6F-4B24-B124-FE3C52582380}.Debug|Any CPU.Build.0 = Debug|Any CPU
		{9345DAAB-3D6F-4B24-B124-FE3C52582380}.Release|Any CPU.ActiveCfg = Release|Any CPU
		{9345DAAB-3D6F-4B24-B124-FE3C52582380}.Release|Any CPU.Build.0 = Release|Any CPU
	EndGlobalSection
	GlobalSection(SolutionProperties) = preSolution
		HideSolutionNode = FALSE
	EndGlobalSection
	GlobalSection(ExtensibilityGlobals) = postSolution
		SolutionGuid = {D6F4AA8A-3EE7-4831-8E8F-0DC7787BC186}
	EndGlobalSection
EndGlobal
